# This file is @generated by PDM.
# It is not intended for manual editing.

[metadata]
groups = ["default"]
cross_platform = true
static_urls = false
lock_version = "4.3"
content_hash = "sha256:c3d43710795a7afa5457bfedc26bcd8256f333b9d306a40d52629841ed918ef0"

[[package]]
name = "pdm-vscode"
version = "0.1.1"
requires_python = ">=3.7"
summary = "A PDM plugin that autogenerates workspace vscode settings for you"
files = [
    {file = "pdm-vscode-0.1.1.tar.gz", hash = "sha256:b471cf79cb4c123c907236a89b1808999ece58196300bf79e9409acb27a94387"},
    {file = "pdm_vscode-0.1.1-py3-none-any.whl", hash = "sha256:3c3f6b737176f2a59e9ec4ba5f8b5c0cfb16a92c6ed05f8a45905c275b16ce7e"},
]
